
Microsoft Visual Studio Solution File, Format Version 12.00
# Visual Studio Version 17
VisualStudioVersion = 17.7.34221.43
MinimumVisualStudioVersion = 10.0.40219.1
Project("{FAE04EC0-301F-11D3-BF4B-00C04F79EFBC}") = "Assignment17.2", "Assignment17.2\Assignment17.2.csproj", "{32420C7E-006E-4B60-AC04-BAE3938B67AA}"
EndProject
Global
	GlobalSection(SolutionConfigurationPlatforms) = preSolution
		Debug|Any CPU = Debug|Any CPU
		Release|Any CPU = Release|Any CPU
	EndGlobalSection
	GlobalSection(ProjectConfigurationPlatforms) = postSolution
		{32420C7E-006E-4B60-AC04-BAE3938B67AA}.Debug|Any CPU.ActiveCfg = Debug|Any CPU
		{32420C7E-006E-4B60-AC04-BAE3938B67AA}.Debug|Any CPU.Build.0 = Debug|Any CPU
		{32420C7E-006E-4B60-AC04-BAE3938B67AA}.Release|Any CPU.ActiveCfg = Release|Any CPU
		{32420C7E-006E-4B60-AC04-BAE3938B67AA}.Release|Any CPU.Build.0 = Release|Any CPU
	EndGlobalSection
	GlobalSection(SolutionProperties) = preSolution
		HideSolutionNode = FALSE
	EndGlobalSection
	GlobalSection(ExtensibilityGlobals) = postSolution
		SolutionGuid = {283A5A0C-7443-43ED-82CC-96EE57529719}
	EndGlobalSection
EndGlobal
